
Microsoft Visual Studio Solution File, Format Version 12.00
# Visual Studio Version 17
VisualStudioVersion = 17.1.32228.430
MinimumVisualStudioVersion = 10.0.40219.1
Project("{9A19103F-16F7-4668-BE54-9A1E7A4F7556}") = "ConsoleApplication", "ConsoleApplication\ConsoleApplication.csproj", "{557980BC-8C4B-487D-A586-26B3E57D9F53}"
EndProject
Project("{9A19103F-16F7-4668-BE54-9A1E7A4F7556}") = "Degiskenler", "Degiskenler\Degiskenler.csproj", "{BC2E4819-914E-472D-A5B1-CD0F6A81EF4A}"
EndProject
Project("{9A19103F-16F7-4668-BE54-9A1E7A4F7556}") = "Operatorler", "Operatorler\Operatorler.csproj", "{435581C2-976A-4256-91FD-A2BDB956D7EA}"
EndProject
Project("{9A19103F-16F7-4668-BE54-9A1E7A4F7556}") = "Tip-Donusumleri", "Tip-Donusumleri\Tip-Donusumleri.csproj", "{621628D0-B2B2-4317-B33B-08A8539A5E62}"
EndProject
Project("{9A19103F-16F7-4668-BE54-9A1E7A4F7556}") = "Hata-Yonetimi", "Hata-Yonetimi\Hata-Yonetimi.csproj", "{0E718A61-7C3F-44ED-BDCD-0188F6140C2D}"
EndProject
Project("{9A19103F-16F7-4668-BE54-9A1E7A4F7556}") = "If-Else", "If-Else\If-Else.csproj", "{47C2F0CE-D1F5-4911-8869-99A1FA936B18}"
EndProject
Project("{9A19103F-16F7-4668-BE54-9A1E7A4F7556}") = "Switch-Case", "Switch-Case\Switch-Case.csproj", "{3A91F9FA-54B6-4168-A412-2CFF051924AB}"
EndProject
Project("{9A19103F-16F7-4668-BE54-9A1E7A4F7556}") = "For", "For\For.csproj", "{456E5549-0404-4257-A182-A2C5BD4167ED}"
EndProject
Project("{9A19103F-16F7-4668-BE54-9A1E7A4F7556}") = "While-Foreach", "While-Foreach\While-Foreach.csproj", "{ECF8E9DB-E215-4DA3-AA05-8D5354F5372C}"
EndProject
Project("{9A19103F-16F7-4668-BE54-9A1E7A4F7556}") = "Diziler", "Diziler\Diziler.csproj", "{DD5124A1-B6F2-4FD3-99D3-2A143E3CF7EE}"
EndProject
Project("{9A19103F-16F7-4668-BE54-9A1E7A4F7556}") = "Array", "Array\Array.csproj", "{D1601345-7F89-4226-B514-0326AE28071F}"
EndProject
Project("{9A19103F-16F7-4668-BE54-9A1E7A4F7556}") = "Metotlar", "Metotlar\Metotlar.csproj", "{F29F9875-DBA9-423A-BA92-B61BFBC1B9CE}"
EndProject
Project("{9A19103F-16F7-4668-BE54-9A1E7A4F7556}") = "Overloading", "Overloading\Overloading.csproj", "{38AF2729-7C44-4578-B4C3-75C90AC2CCB7}"
EndProject
Project("{9A19103F-16F7-4668-BE54-9A1E7A4F7556}") = "Recursive-Extension", "Recursive-Extension\Recursive-Extension.csproj", "{51FC78D4-E5DF-487C-945C-D6355E2955DA}"
EndProject
Project("{FAE04EC0-301F-11D3-BF4B-00C04F79EFBC}") = "AlgorithmQuestions", "AlgorithmQuestions\AlgorithmQuestions.csproj", "{18DD3849-3BE3-4096-BBA6-23A3923FF026}"
EndProject
Project("{FAE04EC0-301F-11D3-BF4B-00C04F79EFBC}") = "String-Metotlar", "String-Metotlar\String-Metotlar.csproj", "{F44C6302-DC7B-422B-B35F-AC6A7EEC400D}"
EndProject
Project("{FAE04EC0-301F-11D3-BF4B-00C04F79EFBC}") = "DateTime-Math", "DateTime-Math\DateTime-Math.csproj", "{93CFE28A-DCAE-49BE-80E3-E0111D0D3263}"
EndProject
Global
	GlobalSection(SolutionConfigurationPlatforms) = preSolution
		Debug|Any CPU = Debug|Any CPU
		Release|Any CPU = Release|Any CPU
	EndGlobalSection
	GlobalSection(ProjectConfigurationPlatforms) = postSolution
		{557980BC-8C4B-487D-A586-26B3E57D9F53}.Debug|Any CPU.ActiveCfg = Debug|Any CPU
		{557980BC-8C4B-487D-A586-26B3E57D9F53}.Debug|Any CPU.Build.0 = Debug|Any CPU
		{557980BC-8C4B-487D-A586-26B3E57D9F53}.Release|Any CPU.ActiveCfg = Release|Any CPU
		{557980BC-8C4B-487D-A586-26B3E57D9F53}.Release|Any CPU.Build.0 = Release|Any CPU
		{BC2E4819-914E-472D-A5B1-CD0F6A81EF4A}.Debug|Any CPU.ActiveCfg = Debug|Any CPU
		{BC2E4819-914E-472D-A5B1-CD0F6A81EF4A}.Debug|Any CPU.Build.0 = Debug|Any CPU
		{BC2E4819-914E-472D-A5B1-CD0F6A81EF4A}.Release|Any CPU.ActiveCfg = Release|Any CPU
		{BC2E4819-914E-472D-A5B1-CD0F6A81EF4A}.Release|Any CPU.Build.0 = Release|Any CPU
		{435581C2-976A-4256-91FD-A2BDB956D7EA}.Debug|Any CPU.ActiveCfg = Debug|Any CPU
		{435581C2-976A-4256-91FD-A2BDB956D7EA}.Debug|Any CPU.Build.0 = Debug|Any CPU
		{435581C2-976A-4256-91FD-A2BDB956D7EA}.Release|Any CPU.ActiveCfg = Release|Any CPU
		{435581C2-976A-4256-91FD-A2BDB956D7EA}.Release|Any CPU.Build.0 = Release|Any CPU
		{621628D0-B2B2-4317-B33B-08A8539A5E62}.Debug|Any CPU.ActiveCfg = Debug|Any CPU
		{621628D0-B2B2-4317-B33B-08A8539A5E62}.Debug|Any CPU.Build.0 = Debug|Any CPU
		{621628D0-B2B2-4317-B33B-08A8539A5E62}.Release|Any CPU.ActiveCfg = Release|Any CPU
		{621628D0-B2B2-4317-B33B-08A8539A5E62}.Release|Any CPU.Build.0 = Release|Any CPU
		{0E718A61-7C3F-44ED-BDCD-0188F6140C2D}.Debug|Any CPU.ActiveCfg = Debug|Any CPU
		{0E718A61-7C3F-44ED-BDCD-0188F6140C2D}.Debug|Any CPU.Build.0 = Debug|Any CPU
		{0E718A61-7C3F-44ED-BDCD-0188F6140C2D}.Release|Any CPU.ActiveCfg = Release|Any CPU
		{0E718A61-7C3F-44ED-BDCD-0188F6140C2D}.Release|Any CPU.Build.0 = Release|Any CPU
		{47C2F0CE-D1F5-4911-8869-99A1FA936B18}.Debug|Any CPU.ActiveCfg = Debug|Any CPU
		{47C2F0CE-D1F5-4911-8869-99A1FA936B18}.Debug|Any CPU.Build.0 = Debug|Any CPU
		{47C2F0CE-D1F5-4911-8869-99A1FA936B18}.Release|Any CPU.ActiveCfg = Release|Any CPU
		{47C2F0CE-D1F5-4911-8869-99A1FA936B18}.Release|Any CPU.Build.0 = Release|Any CPU
		{3A91F9FA-54B6-4168-A412-2CFF051924AB}.Debug|Any CPU.ActiveCfg = Debug|Any CPU
		{3A91F9FA-54B6-4168-A412-2CFF051924AB}.Debug|Any CPU.Build.0 = Debug|Any CPU
		{3A91F9FA-54B6-4168-A412-2CFF051924AB}.Release|Any CPU.ActiveCfg = Release|Any CPU
		{3A91F9FA-54B6-4168-A412-2CFF051924AB}.Release|Any CPU.Build.0 = Release|Any CPU
		{456E5549-0404-4257-A182-A2C5BD4167ED}.Debug|Any CPU.ActiveCfg = Debug|Any CPU
		{456E5549-0404-4257-A182-A2C5BD4167ED}.Debug|Any CPU.Build.0 = Debug|Any CPU
		{456E5549-0404-4257-A182-A2C5BD4167ED}.Release|Any CPU.ActiveCfg = Release|Any CPU
		{456E5549-0404-4257-A182-A2C5BD4167ED}.Release|Any CPU.Build.0 = Release|Any CPU
		{ECF8E9DB-E215-4DA3-AA05-8D5354F5372C}.Debug|Any CPU.ActiveCfg = Debug|Any CPU
		{ECF8E9DB-E215-4DA3-AA05-8D5354F5372C}.Debug|Any CPU.Build.0 = Debug|Any CPU
		{ECF8E9DB-E215-4DA3-AA05-8D5354F5372C}.Release|Any CPU.ActiveCfg = Release|Any CPU
		{ECF8E9DB-E215-4DA3-AA05-8D5354F5372C}.Release|Any CPU.Build.0 = Release|Any CPU
		{DD5124A1-B6F2-4FD3-99D3-2A143E3CF7EE}.Debug|Any CPU.ActiveCfg = Debug|Any CPU
		{DD5124A1-B6F2-4FD3-99D3-2A143E3CF7EE}.Debug|Any CPU.Build.0 = Debug|Any CPU
		{DD5124A1-B6F2-4FD3-99D3-2A143E3CF7EE}.Release|Any CPU.ActiveCfg = Release|Any CPU
		{DD5124A1-B6F2-4FD3-99D3-2A143E3CF7EE}.Release|Any CPU.Build.0 = Release|Any CPU
		{D1601345-7F89-4226-B514-0326AE28071F}.Debug|Any CPU.ActiveCfg = Debug|Any CPU
		{D1601345-7F89-4226-B514-0326AE28071F}.Debug|Any CPU.Build.0 = Debug|Any CPU
		{D1601345-7F89-4226-B514-0326AE28071F}.Release|Any CPU.ActiveCfg = Release|Any CPU
		{D1601345-7F89-4226-B514-0326AE28071F}.Release|Any CPU.Build.0 = Release|Any CPU
		{F29F9875-DBA9-423A-BA92-B61BFBC1B9CE}.Debug|Any CPU.ActiveCfg = Debug|Any CPU
		{F29F9875-DBA9-423A-BA92-B61BFBC1B9CE}.Debug|Any CPU.Build.0 = Debug|Any CPU
		{F29F9875-DBA9-423A-BA92-B61BFBC1B9CE}.Release|Any CPU.ActiveCfg = Release|Any CPU
		{F29F9875-DBA9-423A-BA92-B61BFBC1B9CE}.Release|Any CPU.Build.0 = Release|Any CPU
		{38AF2729-7C44-4578-B4C3-75C90AC2CCB7}.Debug|Any CPU.ActiveCfg = Debug|Any CPU
		{38AF2729-7C44-4578-B4C3-75C90AC2CCB7}.Debug|Any CPU.Build.0 = Debug|Any CPU
		{38AF2729-7C44-4578-B4C3-75C90AC2CCB7}.Release|Any CPU.ActiveCfg = Release|Any CPU
		{38AF2729-7C44-4578-B4C3-75C90AC2CCB7}.Release|Any CPU.Build.0 = Release|Any CPU
		{51FC78D4-E5DF-487C-945C-D6355E2955DA}.Debug|Any CPU.ActiveCfg = Debug|Any CPU
		{51FC78D4-E5DF-487C-945C-D6355E2955DA}.Debug|Any CPU.Build.0 = Debug|Any CPU
		{51FC78D4-E5DF-487C-945C-D6355E2955DA}.Release|Any CPU.ActiveCfg = Release|Any CPU
		{51FC78D4-E5DF-487C-945C-D6355E2955DA}.Release|Any CPU.Build.0 = Release|Any CPU
		{18DD3849-3BE3-4096-BBA6-23A3923FF026}.Debug|Any CPU.ActiveCfg = Debug|Any CPU
		{18DD3849-3BE3-4096-BBA6-23A3923FF026}.Debug|Any CPU.Build.0 = Debug|Any CPU
		{18DD3849-3BE3-4096-BBA6-23A3923FF026}.Release|Any CPU.ActiveCfg = Release|Any CPU
		{18DD3849-3BE3-4096-BBA6-23A3923FF026}.Release|Any CPU.Build.0 = Release|Any CPU
		{F44C6302-DC7B-422B-B35F-AC6A7EEC400D}.Debug|Any CPU.ActiveCfg = Debug|Any CPU
		{F44C6302-DC7B-422B-B35F-AC6A7EEC400D}.Debug|Any CPU.Build.0 = Debug|Any CPU
		{F44C6302-DC7B-422B-B35F-AC6A7EEC400D}.Release|Any CPU.ActiveCfg = Release|Any CPU
		{F44C6302-DC7B-422B-B35F-AC6A7EEC400D}.Release|Any CPU.Build.0 = Release|Any CPU
		{93CFE28A-DCAE-49BE-80E3-E0111D0D3263}.Debug|Any CPU.ActiveCfg = Debug|Any CPU
		{93CFE28A-DCAE-49BE-80E3-E0111D0D3263}.Debug|Any CPU.Build.0 = Debug|Any CPU
		{93CFE28A-DCAE-49BE-80E3-E0111D0D3263}.Release|Any CPU.ActiveCfg = Release|Any CPU
		{93CFE28A-DCAE-49BE-80E3-E0111D0D3263}.Release|Any CPU.Build.0 = Release|Any CPU
	EndGlobalSection
	GlobalSection(SolutionProperties) = preSolution
		HideSolutionNode = FALSE
	EndGlobalSection
	GlobalSection(ExtensibilityGlobals) = postSolution
		SolutionGuid = {1CC9098C-8436-4F5C-937B-F92EF6D35F5E}
	EndGlobalSection
EndGlobal
